
Microsoft Visual Studio Solution File, Format Version 12.00
# Visual Studio 15
VisualStudioVersion = 15.0.26124.0
MinimumVisualStudioVersion = 15.0.26124.0
Project("{FAE04EC0-301F-11D3-BF4B-00C04F79EFBC}") = "osu.Framework.Camera", "osu.Framework.Camera\osu.Framework.Camera.csproj", "{9118560B-41AD-449B-A572-D0C3E66ADF39}"
EndProject
Project("{FAE04EC0-301F-11D3-BF4B-00C04F79EFBC}") = "osu.Framework.Camera.Tests", "osu.Framework.Camera.Tests\osu.Framework.Camera.Tests.csproj", "{4617C9F9-6542-4C85-AF56-D4A86DB5E27B}"
EndProject
Global
	GlobalSection(SolutionConfigurationPlatforms) = preSolution
		Debug|Any CPU = Debug|Any CPU
		Debug|x64 = Debug|x64
		Debug|x86 = Debug|x86
		Release|Any CPU = Release|Any CPU
		Release|x64 = Release|x64
		Release|x86 = Release|x86
	EndGlobalSection
	GlobalSection(SolutionProperties) = preSolution
		HideSolutionNode = FALSE
	EndGlobalSection
	GlobalSection(ProjectConfigurationPlatforms) = postSolution
		{9118560B-41AD-449B-A572-D0C3E66ADF39}.Debug|Any CPU.ActiveCfg = Debug|Any CPU
		{9118560B-41AD-449B-A572-D0C3E66ADF39}.Debug|Any CPU.Build.0 = Debug|Any CPU
		{9118560B-41AD-449B-A572-D0C3E66ADF39}.Debug|x64.ActiveCfg = Debug|Any CPU
		{9118560B-41AD-449B-A572-D0C3E66ADF39}.Debug|x64.Build.0 = Debug|Any CPU
		{9118560B-41AD-449B-A572-D0C3E66ADF39}.Debug|x86.ActiveCfg = Debug|Any CPU
		{9118560B-41AD-449B-A572-D0C3E66ADF39}.Debug|x86.Build.0 = Debug|Any CPU
		{9118560B-41AD-449B-A572-D0C3E66ADF39}.Release|Any CPU.ActiveCfg = Release|Any CPU
		{9118560B-41AD-449B-A572-D0C3E66ADF39}.Release|Any CPU.Build.0 = Release|Any CPU
		{9118560B-41AD-449B-A572-D0C3E66ADF39}.Release|x64.ActiveCfg = Release|Any CPU
		{9118560B-41AD-449B-A572-D0C3E66ADF39}.Release|x64.Build.0 = Release|Any CPU
		{9118560B-41AD-449B-A572-D0C3E66ADF39}.Release|x86.ActiveCfg = Release|Any CPU
		{9118560B-41AD-449B-A572-D0C3E66ADF39}.Release|x86.Build.0 = Release|Any CPU
		{4617C9F9-6542-4C85-AF56-D4A86DB5E27B}.Debug|Any CPU.ActiveCfg = Debug|Any CPU
		{4617C9F9-6542-4C85-AF56-D4A86DB5E27B}.Debug|Any CPU.Build.0 = Debug|Any CPU
		{4617C9F9-6542-4C85-AF56-D4A86DB5E27B}.Debug|x64.ActiveCfg = Debug|Any CPU
		{4617C9F9-6542-4C85-AF56-D4A86DB5E27B}.Debug|x64.Build.0 = Debug|Any CPU
		{4617C9F9-6542-4C85-AF56-D4A86DB5E27B}.Debug|x86.ActiveCfg = Debug|Any CPU
		{4617C9F9-6542-4C85-AF56-D4A86DB5E27B}.Debug|x86.Build.0 = Debug|Any CPU
		{4617C9F9-6542-4C85-AF56-D4A86DB5E27B}.Release|Any CPU.ActiveCfg = Release|Any CPU
		{4617C9F9-6542-4C85-AF56-D4A86DB5E27B}.Release|Any CPU.Build.0 = Release|Any CPU
		{4617C9F9-6542-4C85-AF56-D4A86DB5E27B}.Release|x64.ActiveCfg = Release|Any CPU
		{4617C9F9-6542-4C85-AF56-D4A86DB5E27B}.Release|x64.Build.0 = Release|Any CPU
		{4617C9F9-6542-4C85-AF56-D4A86DB5E27B}.Release|x86.ActiveCfg = Release|Any CPU
		{4617C9F9-6542-4C85-AF56-D4A86DB5E27B}.Release|x86.Build.0 = Release|Any CPU
	EndGlobalSection
EndGlobal
